// !$*UTF8*$!
{
	archiveVersion = 1;
	classes = {
	};
	objectVersion = 46;
	objects = {

/* Begin PBXGroup section */
		151355421AC07B0A009CB9A5 = {
			isa = PBXGroup;
			children = (
			);
			sourceTree = "<group>";
		};
/* End PBXGroup section */

/* Begin PBXProject section */
		151355431AC07B0A009CB9A5 /* Project object */ = {
			isa = PBXProject;
			attributes = {
				LastUpgradeCheck = 0620;
			};
			buildConfigurationList = 151355461AC07B0A009CB9A5 /* Build configuration list for PBXProject "Frugal_Innovation_Website" */;
			compatibilityVersion = "Xcode 3.2";
			developmentRegion = English;
			hasScannedForEncodings = 0;
			knownRegions = (
				en,
			);
			mainGroup = 151355421AC07B0A009CB9A5;
			projectDirPath = "";
			projectRoot = "";
			targets = (
			);
		};
/* End PBXProject section */

/* Begin XCBuildConfiguration section */
		151355471AC07B0A009CB9A5 /* Debug */ = {
			isa = XCBuildConfiguration;
			buildSettings = {
			};
			name = Debug;
		};
		151355481AC07B0A009CB9A5 /* Release */ = {
			isa = XCBuildConfiguration;
			buildSettings = {
			};
			name = Release;
		};
/* End XCBuildConfiguration section */

/* Begin XCConfigurationList section */
		151355461AC07B0A009CB9A5 /* Build configuration list for PBXProject "Frugal_Innovation_Website" */ = {
			isa = XCConfigurationList;
			buildConfigurations = (
				151355471AC07B0A009CB9A5 /* Debug */,
				151355481AC07B0A009CB9A5 /* Release */,
			);
			defaultConfigurationIsVisible = 0;
			defaultConfigurationName = Release;
		};
/* End XCConfigurationList section */
	};
	rootObject = 151355431AC07B0A009CB9A5 /* Project object */;
}
